
Microsoft Visual Studio Solution File, Format Version 12.00
# Visual Studio 15
VisualStudioVersion = 15.0.28307.421
MinimumVisualStudioVersion = 10.0.40219.1
Project("{FAE04EC0-301F-11D3-BF4B-00C04F79EFBC}") = "JPS", "JPS.csproj", "{561F335D-BA8B-436C-B404-8D8D73D6DEDE}"
EndProject
Global
	GlobalSection(SolutionConfigurationPlatforms) = preSolution
		Debug|Any CPU = Debug|Any CPU
		Release|Any CPU = Release|Any CPU
	EndGlobalSection
	GlobalSection(ProjectConfigurationPlatforms) = postSolution
		{561F335D-BA8B-436C-B404-8D8D73D6DEDE}.Debug|Any CPU.ActiveCfg = Debug|Any CPU
		{561F335D-BA8B-436C-B404-8D8D73D6DEDE}.Debug|Any CPU.Build.0 = Debug|Any CPU
		{561F335D-BA8B-436C-B404-8D8D73D6DEDE}.Release|Any CPU.ActiveCfg = Release|Any CPU
		{561F335D-BA8B-436C-B404-8D8D73D6DEDE}.Release|Any CPU.Build.0 = Release|Any CPU
	EndGlobalSection
	GlobalSection(SolutionProperties) = preSolution
		HideSolutionNode = FALSE
	EndGlobalSection
	GlobalSection(ExtensibilityGlobals) = postSolution
		SolutionGuid = {64D34854-54DB-4D31-8B48-1AC2D0FB0B21}
	EndGlobalSection
EndGlobal
